// !$*UTF8*$!
{
	archiveVersion = 1;
	classes = {
	};
	objectVersion = 56;
	objects = {

/* Begin PBXBuildFile section */
		154454D62B2D67CC0049682B /* ShoesCell.swift in Sources */ = {isa = PBXBuildFile; fileRef = 154454D52B2D67CC0049682B /* ShoesCell.swift */; };
		154454D92B2D67FA0049682B /* Shoes.swift in Sources */ = {isa = PBXBuildFile; fileRef = 154454D82B2D67FA0049682B /* Shoes.swift */; };
		154454DC2B2D69620049682B /* HomeCollectionViewFactory.swift in Sources */ = {isa = PBXBuildFile; fileRef = 154454DB2B2D69620049682B /* HomeCollectionViewFactory.swift */; };
		154454DF2B2D6B460049682B /* Colors.swift in Sources */ = {isa = PBXBuildFile; fileRef = 154454DE2B2D6B460049682B /* Colors.swift */; };
		154454E22B2D6E6B0049682B /* ShoesService.swift in Sources */ = {isa = PBXBuildFile; fileRef = 154454E12B2D6E6B0049682B /* ShoesService.swift */; };
		154454E52B2D77970049682B /* ShoesCellViewModel.swift in Sources */ = {isa = PBXBuildFile; fileRef = 154454E42B2D77970049682B /* ShoesCellViewModel.swift */; };
		155FF4722B29F466000971E1 /* Coordinator.swift in Sources */ = {isa = PBXBuildFile; fileRef = 155FF4712B29F466000971E1 /* Coordinator.swift */; };
		155FF4782B29F796000971E1 /* TabBarCoordinator.swift in Sources */ = {isa = PBXBuildFile; fileRef = 155FF4772B29F796000971E1 /* TabBarCoordinator.swift */; };
		155FF47A2B29F7D4000971E1 /* TabBarModulesFactory.swift in Sources */ = {isa = PBXBuildFile; fileRef = 155FF4792B29F7D4000971E1 /* TabBarModulesFactory.swift */; };
		155FF47E2B29F81B000971E1 /* TabBarViewController.swift in Sources */ = {isa = PBXBuildFile; fileRef = 155FF47D2B29F81B000971E1 /* TabBarViewController.swift */; };
		155FF4812B29FB7A000971E1 /* TabBar.swift in Sources */ = {isa = PBXBuildFile; fileRef = 155FF4802B29FB7A000971E1 /* TabBar.swift */; };
		155FF4832B29FFC2000971E1 /* CartViewController.swift in Sources */ = {isa = PBXBuildFile; fileRef = 155FF4822B29FFC2000971E1 /* CartViewController.swift */; };
		155FF4872B2A00AD000971E1 /* HomeCoordinator.swift in Sources */ = {isa = PBXBuildFile; fileRef = 155FF4862B2A00AD000971E1 /* HomeCoordinator.swift */; };
		155FF48B2B2A0148000971E1 /* CartCoordinator.swift in Sources */ = {isa = PBXBuildFile; fileRef = 155FF48A2B2A0148000971E1 /* CartCoordinator.swift */; };
		33E6057932E45D280116C1FE /* Pods_SneakerStore.framework in Frameworks */ = {isa = PBXBuildFile; fileRef = D93393B45F4F278E91874CA5 /* Pods_SneakerStore.framework */; };
		3652D5A02B29E116005FA742 /* AppDelegate.swift in Sources */ = {isa = PBXBuildFile; fileRef = 3652D59F2B29E116005FA742 /* AppDelegate.swift */; };
		3652D5A42B29E116005FA742 /* HomeViewController.swift in Sources */ = {isa = PBXBuildFile; fileRef = 3652D5A32B29E116005FA742 /* HomeViewController.swift */; };
		3652D5A92B29E117005FA742 /* Assets.xcassets in Resources */ = {isa = PBXBuildFile; fileRef = 3652D5A82B29E117005FA742 /* Assets.xcassets */; };
		3652D5AC2B29E117005FA742 /* LaunchScreen.storyboard in Resources */ = {isa = PBXBuildFile; fileRef = 3652D5AA2B29E117005FA742 /* LaunchScreen.storyboard */; };
/* End PBXBuildFile section */

/* Begin PBXFileReference section */
		154454D52B2D67CC0049682B /* ShoesCell.swift */ = {isa = PBXFileReference; lastKnownFileType = sourcecode.swift; path = ShoesCell.swift; sourceTree = "<group>"; };
		154454D82B2D67FA0049682B /* Shoes.swift */ = {isa = PBXFileReference; lastKnownFileType = sourcecode.swift; path = Shoes.swift; sourceTree = "<group>"; };
		154454DB2B2D69620049682B /* HomeCollectionViewFactory.swift */ = {isa = PBXFileReference; lastKnownFileType = sourcecode.swift; path = HomeCollectionViewFactory.swift; sourceTree = "<group>"; };
		154454DE2B2D6B460049682B /* Colors.swift */ = {isa = PBXFileReference; lastKnownFileType = sourcecode.swift; path = Colors.swift; sourceTree = "<group>"; };
		154454E12B2D6E6B0049682B /* ShoesService.swift */ = {isa = PBXFileReference; lastKnownFileType = sourcecode.swift; path = ShoesService.swift; sourceTree = "<group>"; };
		154454E42B2D77970049682B /* ShoesCellViewModel.swift */ = {isa = PBXFileReference; lastKnownFileType = sourcecode.swift; path = ShoesCellViewModel.swift; sourceTree = "<group>"; };
		155FF4712B29F466000971E1 /* Coordinator.swift */ = {isa = PBXFileReference; lastKnownFileType = sourcecode.swift; path = Coordinator.swift; sourceTree = "<group>"; };
		155FF4772B29F796000971E1 /* TabBarCoordinator.swift */ = {isa = PBXFileReference; lastKnownFileType = sourcecode.swift; path = TabBarCoordinator.swift; sourceTree = "<group>"; };
		155FF4792B29F7D4000971E1 /* TabBarModulesFactory.swift */ = {isa = PBXFileReference; lastKnownFileType = sourcecode.swift; path = TabBarModulesFactory.swift; sourceTree = "<group>"; };
		155FF47D2B29F81B000971E1 /* TabBarViewController.swift */ = {isa = PBXFileReference; lastKnownFileType = sourcecode.swift; path = TabBarViewController.swift; sourceTree = "<group>"; };
		155FF4802B29FB7A000971E1 /* TabBar.swift */ = {isa = PBXFileReference; lastKnownFileType = sourcecode.swift; path = TabBar.swift; sourceTree = "<group>"; };
		155FF4822B29FFC2000971E1 /* CartViewController.swift */ = {isa = PBXFileReference; lastKnownFileType = sourcecode.swift; path = CartViewController.swift; sourceTree = "<group>"; };
		155FF4862B2A00AD000971E1 /* HomeCoordinator.swift */ = {isa = PBXFileReference; lastKnownFileType = sourcecode.swift; path = HomeCoordinator.swift; sourceTree = "<group>"; };
		155FF48A2B2A0148000971E1 /* CartCoordinator.swift */ = {isa = PBXFileReference; lastKnownFileType = sourcecode.swift; path = CartCoordinator.swift; sourceTree = "<group>"; };
		3652D59C2B29E116005FA742 /* SneakerStore.app */ = {isa = PBXFileReference; explicitFileType = wrapper.application; includeInIndex = 0; path = SneakerStore.app; sourceTree = BUILT_PRODUCTS_DIR; };
		3652D59F2B29E116005FA742 /* AppDelegate.swift */ = {isa = PBXFileReference; lastKnownFileType = sourcecode.swift; path = AppDelegate.swift; sourceTree = "<group>"; };
		3652D5A32B29E116005FA742 /* HomeViewController.swift */ = {isa = PBXFileReference; lastKnownFileType = sourcecode.swift; path = HomeViewController.swift; sourceTree = "<group>"; };
		3652D5A82B29E117005FA742 /* Assets.xcassets */ = {isa = PBXFileReference; lastKnownFileType = folder.assetcatalog; path = Assets.xcassets; sourceTree = "<group>"; };
		3652D5AB2B29E117005FA742 /* Base */ = {isa = PBXFileReference; lastKnownFileType = file.storyboard; name = Base; path = Base.lproj/LaunchScreen.storyboard; sourceTree = "<group>"; };
		3652D5AD2B29E117005FA742 /* Info.plist */ = {isa = PBXFileReference; lastKnownFileType = text.plist.xml; path = Info.plist; sourceTree = "<group>"; };
		D93393B45F4F278E91874CA5 /* Pods_SneakerStore.framework */ = {isa = PBXFileReference; explicitFileType = wrapper.framework; includeInIndex = 0; path = Pods_SneakerStore.framework; sourceTree = BUILT_PRODUCTS_DIR; };
		EFE1AAC1F437EAEE611B723F /* Pods-SneakerStore.release.xcconfig */ = {isa = PBXFileReference; includeInIndex = 1; lastKnownFileType = text.xcconfig; name = "Pods-SneakerStore.release.xcconfig"; path = "Target Support Files/Pods-SneakerStore/Pods-SneakerStore.release.xcconfig"; sourceTree = "<group>"; };
		FF1B5D9E84B7A86CCCC3023E /* Pods-SneakerStore.debug.xcconfig */ = {isa = PBXFileReference; includeInIndex = 1; lastKnownFileType = text.xcconfig; name = "Pods-SneakerStore.debug.xcconfig"; path = "Target Support Files/Pods-SneakerStore/Pods-SneakerStore.debug.xcconfig"; sourceTree = "<group>"; };
/* End PBXFileReference section */

/* Begin PBXFrameworksBuildPhase section */
		3652D5992B29E116005FA742 /* Frameworks */ = {
			isa = PBXFrameworksBuildPhase;
			buildActionMask = 2147483647;
			files = (
				33E6057932E45D280116C1FE /* Pods_SneakerStore.framework in Frameworks */,
			);
			runOnlyForDeploymentPostprocessing = 0;
		};
/* End PBXFrameworksBuildPhase section */

/* Begin PBXGroup section */
		154454D32B2D67B70049682B /* Home */ = {
			isa = PBXGroup;
			children = (
				154454E32B2D778C0049682B /* ViewModel */,
				154454DA2B2D694A0049682B /* Service */,
				154454D72B2D67EB0049682B /* Model */,
				154454D42B2D67BF0049682B /* View */,
				3652D5A32B29E116005FA742 /* HomeViewController.swift */,
			);
			path = Home;
			sourceTree = "<group>";
		};
		154454D42B2D67BF0049682B /* View */ = {
			isa = PBXGroup;
			children = (
				154454D52B2D67CC0049682B /* ShoesCell.swift */,
			);
			path = View;
			sourceTree = "<group>";
		};
		154454D72B2D67EB0049682B /* Model */ = {
			isa = PBXGroup;
			children = (
				154454D82B2D67FA0049682B /* Shoes.swift */,
			);
			path = Model;
			sourceTree = "<group>";
		};
		154454DA2B2D694A0049682B /* Service */ = {
			isa = PBXGroup;
			children = (
				154454DB2B2D69620049682B /* HomeCollectionViewFactory.swift */,
			);
			path = Service;
			sourceTree = "<group>";
		};
		154454DD2B2D6B3E0049682B /* Colors */ = {
			isa = PBXGroup;
			children = (
				154454DE2B2D6B460049682B /* Colors.swift */,
			);
			path = Colors;
			sourceTree = "<group>";
		};
		154454E02B2D6CEA0049682B /* Services */ = {
			isa = PBXGroup;
			children = (
				154454E12B2D6E6B0049682B /* ShoesService.swift */,
			);
			path = Services;
			sourceTree = "<group>";
		};
		154454E32B2D778C0049682B /* ViewModel */ = {
			isa = PBXGroup;
			children = (
				154454E42B2D77970049682B /* ShoesCellViewModel.swift */,
			);
			path = ViewModel;
			sourceTree = "<group>";
		};
		155FF46E2B29F440000971E1 /* UIKit */ = {
			isa = PBXGroup;
			children = (
				155FF4702B29F458000971E1 /* Coordinator */,
			);
			path = UIKit;
			sourceTree = "<group>";
		};
		155FF4702B29F458000971E1 /* Coordinator */ = {
			isa = PBXGroup;
			children = (
				155FF4712B29F466000971E1 /* Coordinator.swift */,
			);
			path = Coordinator;
			sourceTree = "<group>";
		};
		155FF4762B29F772000971E1 /* TabBar */ = {
			isa = PBXGroup;
			children = (
				155FF47F2B29FB71000971E1 /* Model */,
				155FF47C2B29F807000971E1 /* Modules */,
				155FF4772B29F796000971E1 /* TabBarCoordinator.swift */,
				155FF4792B29F7D4000971E1 /* TabBarModulesFactory.swift */,
			);
			path = TabBar;
			sourceTree = "<group>";
		};
		155FF47C2B29F807000971E1 /* Modules */ = {
			isa = PBXGroup;
			children = (
				155FF47D2B29F81B000971E1 /* TabBarViewController.swift */,
			);
			path = Modules;
			sourceTree = "<group>";
		};
		155FF47F2B29FB71000971E1 /* Model */ = {
			isa = PBXGroup;
			children = (
				155FF4802B29FB7A000971E1 /* TabBar.swift */,
			);
			path = Model;
			sourceTree = "<group>";
		};
		155FF4842B2A0098000971E1 /* Home */ = {
			isa = PBXGroup;
			children = (
				155FF4852B2A009F000971E1 /* Modules */,
				155FF4862B2A00AD000971E1 /* HomeCoordinator.swift */,
			);
			path = Home;
			sourceTree = "<group>";
		};
		155FF4852B2A009F000971E1 /* Modules */ = {
			isa = PBXGroup;
			children = (
				154454D32B2D67B70049682B /* Home */,
			);
			path = Modules;
			sourceTree = "<group>";
		};
		155FF4882B2A0116000971E1 /* Cart */ = {
			isa = PBXGroup;
			children = (
				155FF4892B2A0125000971E1 /* Modules */,
				155FF48A2B2A0148000971E1 /* CartCoordinator.swift */,
			);
			path = Cart;
			sourceTree = "<group>";
		};
		155FF4892B2A0125000971E1 /* Modules */ = {
			isa = PBXGroup;
			children = (
				155FF4822B29FFC2000971E1 /* CartViewController.swift */,
			);
			path = Modules;
			sourceTree = "<group>";
		};
		155FF48C2B2A0176000971E1 /* Utilities */ = {
			isa = PBXGroup;
			children = (
				154454DD2B2D6B3E0049682B /* Colors */,
				3652D5AA2B29E117005FA742 /* LaunchScreen.storyboard */,
				3652D5A82B29E117005FA742 /* Assets.xcassets */,
			);
			path = Utilities;
			sourceTree = "<group>";
		};
		3652D5932B29E116005FA742 = {
			isa = PBXGroup;
			children = (
				3652D59E2B29E116005FA742 /* SneakerStore */,
				3652D59D2B29E116005FA742 /* Products */,
				D6E4F7385DEDAE45BDDE8D3B /* Pods */,
				7CC02F483BE7078C4D7949D0 /* Frameworks */,
			);
			sourceTree = "<group>";
		};
		3652D59D2B29E116005FA742 /* Products */ = {
			isa = PBXGroup;
			children = (
				3652D59C2B29E116005FA742 /* SneakerStore.app */,
			);
			name = Products;
			sourceTree = "<group>";
		};
		3652D59E2B29E116005FA742 /* SneakerStore */ = {
			isa = PBXGroup;
			children = (
				154454E02B2D6CEA0049682B /* Services */,
				3652D5AD2B29E117005FA742 /* Info.plist */,
				3652D59F2B29E116005FA742 /* AppDelegate.swift */,
				155FF4882B2A0116000971E1 /* Cart */,
				155FF4842B2A0098000971E1 /* Home */,
				155FF4762B29F772000971E1 /* TabBar */,
				155FF46E2B29F440000971E1 /* UIKit */,
				155FF48C2B2A0176000971E1 /* Utilities */,
			);
			path = SneakerStore;
			sourceTree = "<group>";
		};
		7CC02F483BE7078C4D7949D0 /* Frameworks */ = {
			isa = PBXGroup;
			children = (
				D93393B45F4F278E91874CA5 /* Pods_SneakerStore.framework */,
			);
			name = Frameworks;
			sourceTree = "<group>";
		};
		D6E4F7385DEDAE45BDDE8D3B /* Pods */ = {
			isa = PBXGroup;
			children = (
				FF1B5D9E84B7A86CCCC3023E /* Pods-SneakerStore.debug.xcconfig */,
				EFE1AAC1F437EAEE611B723F /* Pods-SneakerStore.release.xcconfig */,
			);
			path = Pods;
			sourceTree = "<group>";
		};
/* End PBXGroup section */

/* Begin PBXNativeTarget section */
		3652D59B2B29E116005FA742 /* SneakerStore */ = {
			isa = PBXNativeTarget;
			buildConfigurationList = 3652D5B02B29E117005FA742 /* Build configuration list for PBXNativeTarget "SneakerStore" */;
			buildPhases = (
				14008453F0043D2CFB6BA73D /* [CP] Check Pods Manifest.lock */,
				3652D5982B29E116005FA742 /* Sources */,
				3652D5992B29E116005FA742 /* Frameworks */,
				3652D59A2B29E116005FA742 /* Resources */,
				9E8BC7D1DE88D4D9254FDDB1 /* [CP] Embed Pods Frameworks */,
			);
			buildRules = (
			);
			dependencies = (
			);
			name = SneakerStore;
			productName = SneakerStore;
			productReference = 3652D59C2B29E116005FA742 /* SneakerStore.app */;
			productType = "com.apple.product-type.application";
		};
/* End PBXNativeTarget section */

/* Begin PBXProject section */
		3652D5942B29E116005FA742 /* Project object */ = {
			isa = PBXProject;
			attributes = {
				BuildIndependentTargetsInParallel = 1;
				LastSwiftUpdateCheck = 1430;
				LastUpgradeCheck = 1430;
				TargetAttributes = {
					3652D59B2B29E116005FA742 = {
						CreatedOnToolsVersion = 14.3.1;
					};
				};
			};
			buildConfigurationList = 3652D5972B29E116005FA742 /* Build configuration list for PBXProject "SneakerStore" */;
			compatibilityVersion = "Xcode 14.0";
			developmentRegion = en;
			hasScannedForEncodings = 0;
			knownRegions = (
				en,
				Base,
			);
			mainGroup = 3652D5932B29E116005FA742;
			productRefGroup = 3652D59D2B29E116005FA742 /* Products */;
			projectDirPath = "";
			projectRoot = "";
			targets = (
				3652D59B2B29E116005FA742 /* SneakerStore */,
			);
		};
/* End PBXProject section */

/* Begin PBXResourcesBuildPhase section */
		3652D59A2B29E116005FA742 /* Resources */ = {
			isa = PBXResourcesBuildPhase;
			buildActionMask = 2147483647;
			files = (
				3652D5AC2B29E117005FA742 /* LaunchScreen.storyboard in Resources */,
				3652D5A92B29E117005FA742 /* Assets.xcassets in Resources */,
			);
			runOnlyForDeploymentPostprocessing = 0;
		};
/* End PBXResourcesBuildPhase section */

/* Begin PBXShellScriptBuildPhase section */
		14008453F0043D2CFB6BA73D /* [CP] Check Pods Manifest.lock */ = {
			isa = PBXShellScriptBuildPhase;
			buildActionMask = 2147483647;
			files = (
			);
			inputFileListPaths = (
			);
			inputPaths = (
				"${PODS_PODFILE_DIR_PATH}/Podfile.lock",
				"${PODS_ROOT}/Manifest.lock",
			);
			name = "[CP] Check Pods Manifest.lock";
			outputFileListPaths = (
			);
			outputPaths = (
				"$(DERIVED_FILE_DIR)/Pods-SneakerStore-checkManifestLockResult.txt",
			);
			runOnlyForDeploymentPostprocessing = 0;
			shellPath = /bin/sh;
			shellScript = "diff \"${PODS_PODFILE_DIR_PATH}/Podfile.lock\" \"${PODS_ROOT}/Manifest.lock\" > /dev/null\nif [ $? != 0 ] ; then\n    # print error to STDERR\n    echo \"error: The sandbox is not in sync with the Podfile.lock. Run 'pod install' or update your CocoaPods installation.\" >&2\n    exit 1\nfi\n# This output is used by Xcode 'outputs' to avoid re-running this script phase.\necho \"SUCCESS\" > \"${SCRIPT_OUTPUT_FILE_0}\"\n";
			showEnvVarsInLog = 0;
		};
		9E8BC7D1DE88D4D9254FDDB1 /* [CP] Embed Pods Frameworks */ = {
			isa = PBXShellScriptBuildPhase;
			buildActionMask = 2147483647;
			files = (
			);
			inputFileListPaths = (
				"${PODS_ROOT}/Target Support Files/Pods-SneakerStore/Pods-SneakerStore-frameworks-${CONFIGURATION}-input-files.xcfilelist",
			);
			name = "[CP] Embed Pods Frameworks";
			outputFileListPaths = (
				"${PODS_ROOT}/Target Support Files/Pods-SneakerStore/Pods-SneakerStore-frameworks-${CONFIGURATION}-output-files.xcfilelist",
			);
			runOnlyForDeploymentPostprocessing = 0;
			shellPath = /bin/sh;
			shellScript = "\"${PODS_ROOT}/Target Support Files/Pods-SneakerStore/Pods-SneakerStore-frameworks.sh\"\n";
			showEnvVarsInLog = 0;
		};
/* End PBXShellScriptBuildPhase section */

/* Begin PBXSourcesBuildPhase section */
		3652D5982B29E116005FA742 /* Sources */ = {
			isa = PBXSourcesBuildPhase;
			buildActionMask = 2147483647;
			files = (
				154454D92B2D67FA0049682B /* Shoes.swift in Sources */,
				154454E52B2D77970049682B /* ShoesCellViewModel.swift in Sources */,
				155FF47A2B29F7D4000971E1 /* TabBarModulesFactory.swift in Sources */,
				155FF4722B29F466000971E1 /* Coordinator.swift in Sources */,
				154454DF2B2D6B460049682B /* Colors.swift in Sources */,
				155FF4832B29FFC2000971E1 /* CartViewController.swift in Sources */,
				3652D5A42B29E116005FA742 /* HomeViewController.swift in Sources */,
				154454D62B2D67CC0049682B /* ShoesCell.swift in Sources */,
				155FF4812B29FB7A000971E1 /* TabBar.swift in Sources */,
				155FF48B2B2A0148000971E1 /* CartCoordinator.swift in Sources */,
				154454DC2B2D69620049682B /* HomeCollectionViewFactory.swift in Sources */,
				155FF47E2B29F81B000971E1 /* TabBarViewController.swift in Sources */,
				155FF4872B2A00AD000971E1 /* HomeCoordinator.swift in Sources */,
				154454E22B2D6E6B0049682B /* ShoesService.swift in Sources */,
				155FF4782B29F796000971E1 /* TabBarCoordinator.swift in Sources */,
				3652D5A02B29E116005FA742 /* AppDelegate.swift in Sources */,
			);
			runOnlyForDeploymentPostprocessing = 0;
		};
/* End PBXSourcesBuildPhase section */

/* Begin PBXVariantGroup section */
		3652D5AA2B29E117005FA742 /* LaunchScreen.storyboard */ = {
			isa = PBXVariantGroup;
			children = (
				3652D5AB2B29E117005FA742 /* Base */,
			);
			name = LaunchScreen.storyboard;
			sourceTree = "<group>";
		};
/* End PBXVariantGroup section */

/* Begin XCBuildConfiguration section */
		3652D5AE2B29E117005FA742 /* Debug */ = {
			isa = XCBuildConfiguration;
			buildSettings = {
				ALWAYS_SEARCH_USER_PATHS = NO;
				CLANG_ANALYZER_NONNULL = YES;
				CLANG_ANALYZER_NUMBER_OBJECT_CONVERSION = YES_AGGRESSIVE;
				CLANG_CXX_LANGUAGE_STANDARD = "gnu++20";
				CLANG_ENABLE_MODULES = YES;
				CLANG_ENABLE_OBJC_ARC = YES;
				CLANG_ENABLE_OBJC_WEAK = YES;
				CLANG_WARN_BLOCK_CAPTURE_AUTORELEASING = YES;
				CLANG_WARN_BOOL_CONVERSION = YES;
				CLANG_WARN_COMMA = YES;
				CLANG_WARN_CONSTANT_CONVERSION = YES;
				CLANG_WARN_DEPRECATED_OBJC_IMPLEMENTATIONS = YES;
				CLANG_WARN_DIRECT_OBJC_ISA_USAGE = YES_ERROR;
				CLANG_WARN_DOCUMENTATION_COMMENTS = YES;
				CLANG_WARN_EMPTY_BODY = YES;
				CLANG_WARN_ENUM_CONVERSION = YES;
				CLANG_WARN_INFINITE_RECURSION = YES;
				CLANG_WARN_INT_CONVERSION = YES;
				CLANG_WARN_NON_LITERAL_NULL_CONVERSION = YES;
				CLANG_WARN_OBJC_IMPLICIT_RETAIN_SELF = YES;
				CLANG_WARN_OBJC_LITERAL_CONVERSION = YES;
				CLANG_WARN_OBJC_ROOT_CLASS = YES_ERROR;
				CLANG_WARN_QUOTED_INCLUDE_IN_FRAMEWORK_HEADER = YES;
				CLANG_WARN_RANGE_LOOP_ANALYSIS = YES;
				CLANG_WARN_STRICT_PROTOTYPES = YES;
				CLANG_WARN_SUSPICIOUS_MOVE = YES;
				CLANG_WARN_UNGUARDED_AVAILABILITY = YES_AGGRESSIVE;
				CLANG_WARN_UNREACHABLE_CODE = YES;
				CLANG_WARN__DUPLICATE_METHOD_MATCH = YES;
				COPY_PHASE_STRIP = NO;
				DEBUG_INFORMATION_FORMAT = dwarf;
				ENABLE_STRICT_OBJC_MSGSEND = YES;
				ENABLE_TESTABILITY = YES;
				GCC_C_LANGUAGE_STANDARD = gnu11;
				GCC_DYNAMIC_NO_PIC = NO;
				GCC_NO_COMMON_BLOCKS = YES;
				GCC_OPTIMIZATION_LEVEL = 0;
				GCC_PREPROCESSOR_DEFINITIONS = (
					"DEBUG=1",
					"$(inherited)",
				);
				GCC_WARN_64_TO_32_BIT_CONVERSION = YES;
				GCC_WARN_ABOUT_RETURN_TYPE = YES_ERROR;
				GCC_WARN_UNDECLARED_SELECTOR = YES;
				GCC_WARN_UNINITIALIZED_AUTOS = YES_AGGRESSIVE;
				GCC_WARN_UNUSED_FUNCTION = YES;
				GCC_WARN_UNUSED_VARIABLE = YES;
				IPHONEOS_DEPLOYMENT_TARGET = 16.4;
				MTL_ENABLE_DEBUG_INFO = INCLUDE_SOURCE;
				MTL_FAST_MATH = YES;
				ONLY_ACTIVE_ARCH = YES;
				SDKROOT = iphoneos;
				SWIFT_ACTIVE_COMPILATION_CONDITIONS = DEBUG;
				SWIFT_OPTIMIZATION_LEVEL = "-Onone";
			};
			name = Debug;
		};
		3652D5AF2B29E117005FA742 /* Release */ = {
			isa = XCBuildConfiguration;
			buildSettings = {
				ALWAYS_SEARCH_USER_PATHS = NO;
				CLANG_ANALYZER_NONNULL = YES;
				CLANG_ANALYZER_NUMBER_OBJECT_CONVERSION = YES_AGGRESSIVE;
				CLANG_CXX_LANGUAGE_STANDARD = "gnu++20";
				CLANG_ENABLE_MODULES = YES;
				CLANG_ENABLE_OBJC_ARC = YES;
				CLANG_ENABLE_OBJC_WEAK = YES;
				CLANG_WARN_BLOCK_CAPTURE_AUTORELEASING = YES;
				CLANG_WARN_BOOL_CONVERSION = YES;
				CLANG_WARN_COMMA = YES;
				CLANG_WARN_CONSTANT_CONVERSION = YES;
				CLANG_WARN_DEPRECATED_OBJC_IMPLEMENTATIONS = YES;
				CLANG_WARN_DIRECT_OBJC_ISA_USAGE = YES_ERROR;
				CLANG_WARN_DOCUMENTATION_COMMENTS = YES;
				CLANG_WARN_EMPTY_BODY = YES;
				CLANG_WARN_ENUM_CONVERSION = YES;
				CLANG_WARN_INFINITE_RECURSION = YES;
				CLANG_WARN_INT_CONVERSION = YES;
				CLANG_WARN_NON_LITERAL_NULL_CONVERSION = YES;
				CLANG_WARN_OBJC_IMPLICIT_RETAIN_SELF = YES;
				CLANG_WARN_OBJC_LITERAL_CONVERSION = YES;
				CLANG_WARN_OBJC_ROOT_CLASS = YES_ERROR;
				CLANG_WARN_QUOTED_INCLUDE_IN_FRAMEWORK_HEADER = YES;
				CLANG_WARN_RANGE_LOOP_ANALYSIS = YES;
				CLANG_WARN_STRICT_PROTOTYPES = YES;
				CLANG_WARN_SUSPICIOUS_MOVE = YES;
				CLANG_WARN_UNGUARDED_AVAILABILITY = YES_AGGRESSIVE;
				CLANG_WARN_UNREACHABLE_CODE = YES;
				CLANG_WARN__DUPLICATE_METHOD_MATCH = YES;
				COPY_PHASE_STRIP = NO;
				DEBUG_INFORMATION_FORMAT = "dwarf-with-dsym";
				ENABLE_NS_ASSERTIONS = NO;
				ENABLE_STRICT_OBJC_MSGSEND = YES;
				GCC_C_LANGUAGE_STANDARD = gnu11;
				GCC_NO_COMMON_BLOCKS = YES;
				GCC_WARN_64_TO_32_BIT_CONVERSION = YES;
				GCC_WARN_ABOUT_RETURN_TYPE = YES_ERROR;
				GCC_WARN_UNDECLARED_SELECTOR = YES;
				GCC_WARN_UNINITIALIZED_AUTOS = YES_AGGRESSIVE;
				GCC_WARN_UNUSED_FUNCTION = YES;
				GCC_WARN_UNUSED_VARIABLE = YES;
				IPHONEOS_DEPLOYMENT_TARGET = 16.4;
				MTL_ENABLE_DEBUG_INFO = NO;
				MTL_FAST_MATH = YES;
				SDKROOT = iphoneos;
				SWIFT_COMPILATION_MODE = wholemodule;
				SWIFT_OPTIMIZATION_LEVEL = "-O";
				VALIDATE_PRODUCT = YES;
			};
			name = Release;
		};
		3652D5B12B29E117005FA742 /* Debug */ = {
			isa = XCBuildConfiguration;
			baseConfigurationReference = FF1B5D9E84B7A86CCCC3023E /* Pods-SneakerStore.debug.xcconfig */;
			buildSettings = {
				ASSETCATALOG_COMPILER_APPICON_NAME = AppIcon;
				ASSETCATALOG_COMPILER_GLOBAL_ACCENT_COLOR_NAME = AccentColor;
				CODE_SIGN_STYLE = Automatic;
				CURRENT_PROJECT_VERSION = 1;
				DEVELOPMENT_TEAM = 2ADSYFH326;
				GENERATE_INFOPLIST_FILE = YES;
				INFOPLIST_FILE = SneakerStore/Info.plist;
				INFOPLIST_KEY_UIApplicationSupportsIndirectInputEvents = YES;
				INFOPLIST_KEY_UILaunchStoryboardName = LaunchScreen;
				INFOPLIST_KEY_UIMainStoryboardFile = "";
				INFOPLIST_KEY_UISupportedInterfaceOrientations_iPad = "UIInterfaceOrientationPortrait UIInterfaceOrientationPortraitUpsideDown UIInterfaceOrientationLandscapeLeft UIInterfaceOrientationLandscapeRight";
				INFOPLIST_KEY_UISupportedInterfaceOrientations_iPhone = "UIInterfaceOrientationPortrait UIInterfaceOrientationLandscapeLeft UIInterfaceOrientationLandscapeRight";
				LD_RUNPATH_SEARCH_PATHS = (
					"$(inherited)",
					"@executable_path/Frameworks",
				);
				MARKETING_VERSION = 1.0;
				PRODUCT_BUNDLE_IDENTIFIER = svanovzhantore.SneakerStore;
				PRODUCT_NAME = "$(TARGET_NAME)";
				SWIFT_EMIT_LOC_STRINGS = YES;
				SWIFT_VERSION = 5.0;
				TARGETED_DEVICE_FAMILY = "1,2";
			};
			name = Debug;
		};
		3652D5B22B29E117005FA742 /* Release */ = {
			isa = XCBuildConfiguration;
			baseConfigurationReference = EFE1AAC1F437EAEE611B723F /* Pods-SneakerStore.release.xcconfig */;
			buildSettings = {
				ASSETCATALOG_COMPILER_APPICON_NAME = AppIcon;
				ASSETCATALOG_COMPILER_GLOBAL_ACCENT_COLOR_NAME = AccentColor;
				CODE_SIGN_STYLE = Automatic;
				CURRENT_PROJECT_VERSION = 1;
				DEVELOPMENT_TEAM = 2ADSYFH326;
				GENERATE_INFOPLIST_FILE = YES;
				INFOPLIST_FILE = SneakerStore/Info.plist;
				INFOPLIST_KEY_UIApplicationSupportsIndirectInputEvents = YES;
				INFOPLIST_KEY_UILaunchStoryboardName = LaunchScreen;
				INFOPLIST_KEY_UIMainStoryboardFile = "";
				INFOPLIST_KEY_UISupportedInterfaceOrientations_iPad = "UIInterfaceOrientationPortrait UIInterfaceOrientationPortraitUpsideDown UIInterfaceOrientationLandscapeLeft UIInterfaceOrientationLandscapeRight";
				INFOPLIST_KEY_UISupportedInterfaceOrientations_iPhone = "UIInterfaceOrientationPortrait UIInterfaceOrientationLandscapeLeft UIInterfaceOrientationLandscapeRight";
				LD_RUNPATH_SEARCH_PATHS = (
					"$(inherited)",
					"@executable_path/Frameworks",
				);
				MARKETING_VERSION = 1.0;
				PRODUCT_BUNDLE_IDENTIFIER = svanovzhantore.SneakerStore;
				PRODUCT_NAME = "$(TARGET_NAME)";
				SWIFT_EMIT_LOC_STRINGS = YES;
				SWIFT_VERSION = 5.0;
				TARGETED_DEVICE_FAMILY = "1,2";
			};
			name = Release;
		};
/* End XCBuildConfiguration section */

/* Begin XCConfigurationList section */
		3652D5972B29E116005FA742 /* Build configuration list for PBXProject "SneakerStore" */ = {
			isa = XCConfigurationList;
			buildConfigurations = (
				3652D5AE2B29E117005FA742 /* Debug */,
				3652D5AF2B29E117005FA742 /* Release */,
			);
			defaultConfigurationIsVisible = 0;
			defaultConfigurationName = Release;
		};
		3652D5B02B29E117005FA742 /* Build configuration list for PBXNativeTarget "SneakerStore" */ = {
			isa = XCConfigurationList;
			buildConfigurations = (
				3652D5B12B29E117005FA742 /* Debug */,
				3652D5B22B29E117005FA742 /* Release */,
			);
			defaultConfigurationIsVisible = 0;
			defaultConfigurationName = Release;
		};
/* End XCConfigurationList section */
	};
	rootObject = 3652D5942B29E116005FA742 /* Project object */;
}
